// !$*UTF8*$!
{
	archiveVersion = 1;
	classes = {
	};
	objectVersion = 46;
	objects = {

/* Begin PBXBuildFile section */
		32964D421D1C7CF60017E875 /* AppDelegate.swift in Sources */ = {isa = PBXBuildFile; fileRef = 32964D411D1C7CF60017E875 /* AppDelegate.swift */; };
		32964D441D1C7CF60017E875 /* ViewController.swift in Sources */ = {isa = PBXBuildFile; fileRef = 32964D431D1C7CF60017E875 /* ViewController.swift */; };
		32964D471D1C7CF60017E875 /* Main.storyboard in Resources */ = {isa = PBXBuildFile; fileRef = 32964D451D1C7CF60017E875 /* Main.storyboard */; };
		32964D491D1C7CF60017E875 /* Assets.xcassets in Resources */ = {isa = PBXBuildFile; fileRef = 32964D481D1C7CF60017E875 /* Assets.xcassets */; };
		32964D4C1D1C7CF60017E875 /* LaunchScreen.storyboard in Resources */ = {isa = PBXBuildFile; fileRef = 32964D4A1D1C7CF60017E875 /* LaunchScreen.storyboard */; };
/* End PBXBuildFile section */

/* Begin PBXFileReference section */
		32964D3E1D1C7CF60017E875 /* InputView.app */ = {isa = PBXFileReference; explicitFileType = wrapper.application; includeInIndex = 0; path = InputView.app; sourceTree = BUILT_PRODUCTS_DIR; };
		32964D411D1C7CF60017E875 /* AppDelegate.swift */ = {isa = PBXFileReference; lastKnownFileType = sourcecode.swift; path = AppDelegate.swift; sourceTree = "<group>"; };
		32964D431D1C7CF60017E875 /* ViewController.swift */ = {isa = PBXFileReference; lastKnownFileType = sourcecode.swift; path = ViewController.swift; sourceTree = "<group>"; };
		32964D461D1C7CF60017E875 /* Base */ = {isa = PBXFileReference; lastKnownFileType = file.storyboard; name = Base; path = Base.lproj/Main.storyboard; sourceTree = "<group>"; };
		32964D481D1C7CF60017E875 /* Assets.xcassets */ = {isa = PBXFileReference; lastKnownFileType = folder.assetcatalog; path = Assets.xcassets; sourceTree = "<group>"; };
		32964D4B1D1C7CF60017E875 /* Base */ = {isa = PBXFileReference; lastKnownFileType = file.storyboard; name = Base; path = Base.lproj/LaunchScreen.storyboard; sourceTree = "<group>"; };
		32964D4D1D1C7CF60017E875 /* Info.plist */ = {isa = PBXFileReference; lastKnownFileType = text.plist.xml; path = Info.plist; sourceTree = "<group>"; };
/* End PBXFileReference section */

/* Begin PBXFrameworksBuildPhase section */
		32964D3B1D1C7CF60017E875 /* Frameworks */ = {
			isa = PBXFrameworksBuildPhase;
			buildActionMask = 2147483647;
			files = (
			);
			runOnlyForDeploymentPostprocessing = 0;
		};
/* End PBXFrameworksBuildPhase section */

/* Begin PBXGroup section */
		32964D351D1C7CF60017E875 = {
			isa = PBXGroup;
			children = (
				32964D401D1C7CF60017E875 /* InputView */,
				32964D3F1D1C7CF60017E875 /* Products */,
			);
			sourceTree = "<group>";
		};
		32964D3F1D1C7CF60017E875 /* Products */ = {
			isa = PBXGroup;
			children = (
				32964D3E1D1C7CF60017E875 /* InputView.app */,
			);
			name = Products;
			sourceTree = "<group>";
		};
		32964D401D1C7CF60017E875 /* InputView */ = {
			isa = PBXGroup;
			children = (
				32964D411D1C7CF60017E875 /* AppDelegate.swift */,
				32964D431D1C7CF60017E875 /* ViewController.swift */,
				32964D451D1C7CF60017E875 /* Main.storyboard */,
				32964D481D1C7CF60017E875 /* Assets.xcassets */,
				32964D4A1D1C7CF60017E875 /* LaunchScreen.storyboard */,
				32964D4D1D1C7CF60017E875 /* Info.plist */,
			);
			path = InputView;
			sourceTree = "<group>";
		};
/* End PBXGroup section */

/* Begin PBXNativeTarget section */
		32964D3D1D1C7CF60017E875 /* InputView */ = {
			isa = PBXNativeTarget;
			buildConfigurationList = 32964D501D1C7CF60017E875 /* Build configuration list for PBXNativeTarget "InputView" */;
			buildPhases = (
				32964D3A1D1C7CF60017E875 /* Sources */,
				32964D3B1D1C7CF60017E875 /* Frameworks */,
				32964D3C1D1C7CF60017E875 /* Resources */,
			);
			buildRules = (
			);
			dependencies = (
			);
			name = InputView;
			productName = InputView;
			productReference = 32964D3E1D1C7CF60017E875 /* InputView.app */;
			productType = "com.apple.product-type.application";
		};
/* End PBXNativeTarget section */

/* Begin PBXProject section */
		32964D361D1C7CF60017E875 /* Project object */ = {
			isa = PBXProject;
			attributes = {
				LastSwiftUpdateCheck = 0730;
				LastUpgradeCheck = 0730;
				ORGANIZATIONNAME = Mustard;
				TargetAttributes = {
					32964D3D1D1C7CF60017E875 = {
						CreatedOnToolsVersion = 7.3;
					};
				};
			};
			buildConfigurationList = 32964D391D1C7CF60017E875 /* Build configuration list for PBXProject "InputView" */;
			compatibilityVersion = "Xcode 3.2";
			developmentRegion = English;
			hasScannedForEncodings = 0;
			knownRegions = (
				en,
				Base,
			);
			mainGroup = 32964D351D1C7CF60017E875;
			productRefGroup = 32964D3F1D1C7CF60017E875 /* Products */;
			projectDirPath = "";
			projectRoot = "";
			targets = (
				32964D3D1D1C7CF60017E875 /* InputView */,
			);
		};
/* End PBXProject section */

/* Begin PBXResourcesBuildPhase section */
		32964D3C1D1C7CF60017E875 /* Resources */ = {
			isa = PBXResourcesBuildPhase;
			buildActionMask = 2147483647;
			files = (
				32964D4C1D1C7CF60017E875 /* LaunchScreen.storyboard in Resources */,
				32964D491D1C7CF60017E875 /* Assets.xcassets in Resources */,
				32964D471D1C7CF60017E875 /* Main.storyboard in Resources */,
			);
			runOnlyForDeploymentPostprocessing = 0;
		};
/* End PBXResourcesBuildPhase section */

/* Begin PBXSourcesBuildPhase section */
		32964D3A1D1C7CF60017E875 /* Sources */ = {
			isa = PBXSourcesBuildPhase;
			buildActionMask = 2147483647;
			files = (
				32964D441D1C7CF60017E875 /* ViewController.swift in Sources */,
				32964D421D1C7CF60017E875 /* AppDelegate.swift in Sources */,
			);
			runOnlyForDeploymentPostprocessing = 0;
		};
/* End PBXSourcesBuildPhase section */

/* Begin PBXVariantGroup section */
		32964D451D1C7CF60017E875 /* Main.storyboard */ = {
			isa = PBXVariantGroup;
			children = (
				32964D461D1C7CF60017E875 /* Base */,
			);
			name = Main.storyboard;
			sourceTree = "<group>";
		};
		32964D4A1D1C7CF60017E875 /* LaunchScreen.storyboard */ = {
			isa = PBXVariantGroup;
			children = (
				32964D4B1D1C7CF60017E875 /* Base */,
			);
			name = LaunchScreen.storyboard;
			sourceTree = "<group>";
		};
/* End PBXVariantGroup section */

/* Begin XCBuildConfiguration section */
		32964D4E1D1C7CF60017E875 /* Debug */ = {
			isa = XCBuildConfiguration;
			buildSettings = {
				ALWAYS_SEARCH_USER_PATHS = NO;
				CLANG_ANALYZER_NONNULL = YES;
				CLANG_CXX_LANGUAGE_STANDARD = "gnu++0x";
				CLANG_CXX_LIBRARY = "libc++";
				CLANG_ENABLE_MODULES = YES;
				CLANG_ENABLE_OBJC_ARC = YES;
				CLANG_WARN_BOOL_CONVERSION = YES;
				CLANG_WARN_CONSTANT_CONVERSION = YES;
				CLANG_WARN_DIRECT_OBJC_ISA_USAGE = YES_ERROR;
				CLANG_WARN_EMPTY_BODY = YES;
				CLANG_WARN_ENUM_CONVERSION = YES;
				CLANG_WARN_INT_CONVERSION = YES;
				CLANG_WARN_OBJC_ROOT_CLASS = YES_ERROR;
				CLANG_WARN_UNREACHABLE_CODE = YES;
				CLANG_WARN__DUPLICATE_METHOD_MATCH = YES;
				"CODE_SIGN_IDENTITY[sdk=iphoneos*]" = "iPhone Developer";
				COPY_PHASE_STRIP = NO;
				DEBUG_INFORMATION_FORMAT = dwarf;
				ENABLE_STRICT_OBJC_MSGSEND = YES;
				ENABLE_TESTABILITY = YES;
				GCC_C_LANGUAGE_STANDARD = gnu99;
				GCC_DYNAMIC_NO_PIC = NO;
				GCC_NO_COMMON_BLOCKS = YES;
				GCC_OPTIMIZATION_LEVEL = 0;
				GCC_PREPROCESSOR_DEFINITIONS = (
					"DEBUG=1",
					"$(inherited)",
				);
				GCC_WARN_64_TO_32_BIT_CONVERSION = YES;
				GCC_WARN_ABOUT_RETURN_TYPE = YES_ERROR;
				GCC_WARN_UNDECLARED_SELECTOR = YES;
				GCC_WARN_UNINITIALIZED_AUTOS = YES_AGGRESSIVE;
				GCC_WARN_UNUSED_FUNCTION = YES;
				GCC_WARN_UNUSED_VARIABLE = YES;
				IPHONEOS_DEPLOYMENT_TARGET = 9.3;
				MTL_ENABLE_DEBUG_INFO = YES;
				ONLY_ACTIVE_ARCH = YES;
				SDKROOT = iphoneos;
				SWIFT_OPTIMIZATION_LEVEL = "-Onone";
			};
			name = Debug;
		};
		32964D4F1D1C7CF60017E875 /* Release */ = {
			isa = XCBuildConfiguration;
			buildSettings = {
				ALWAYS_SEARCH_USER_PATHS = NO;
				CLANG_ANALYZER_NONNULL = YES;
				CLANG_CXX_LANGUAGE_STANDARD = "gnu++0x";
				CLANG_CXX_LIBRARY = "libc++";
				CLANG_ENABLE_MODULES = YES;
				CLANG_ENABLE_OBJC_ARC = YES;
				CLANG_WARN_BOOL_CONVERSION = YES;
				CLANG_WARN_CONSTANT_CONVERSION = YES;
				CLANG_WARN_DIRECT_OBJC_ISA_USAGE = YES_ERROR;
				CLANG_WARN_EMPTY_BODY = YES;
				CLANG_WARN_ENUM_CONVERSION = YES;
				CLANG_WARN_INT_CONVERSION = YES;
				CLANG_WARN_OBJC_ROOT_CLASS = YES_ERROR;
				CLANG_WARN_UNREACHABLE_CODE = YES;
				CLANG_WARN__DUPLICATE_METHOD_MATCH = YES;
				"CODE_SIGN_IDENTITY[sdk=iphoneos*]" = "iPhone Developer";
				COPY_PHASE_STRIP = NO;
				DEBUG_INFORMATION_FORMAT = "dwarf-with-dsym";
				ENABLE_NS_ASSERTIONS = NO;
				ENABLE_STRICT_OBJC_MSGSEND = YES;
				GCC_C_LANGUAGE_STANDARD = gnu99;
				GCC_NO_COMMON_BLOCKS = YES;
				GCC_WARN_64_TO_32_BIT_CONVERSION = YES;
				GCC_WARN_ABOUT_RETURN_TYPE = YES_ERROR;
				GCC_WARN_UNDECLARED_SELECTOR = YES;
				GCC_WARN_UNINITIALIZED_AUTOS = YES_AGGRESSIVE;
				GCC_WARN_UNUSED_FUNCTION = YES;
				GCC_WARN_UNUSED_VARIABLE = YES;
				IPHONEOS_DEPLOYMENT_TARGET = 9.3;
				MTL_ENABLE_DEBUG_INFO = NO;
				SDKROOT = iphoneos;
				VALIDATE_PRODUCT = YES;
			};
			name = Release;
		};
		32964D511D1C7CF60017E875 /* Debug */ = {
			isa = XCBuildConfiguration;
			buildSettings = {
				ASSETCATALOG_COMPILER_APPICON_NAME = AppIcon;
				INFOPLIST_FILE = InputView/Info.plist;
				LD_RUNPATH_SEARCH_PATHS = "$(inherited) @executable_path/Frameworks";
				PRODUCT_BUNDLE_IDENTIFIER = com.mustard.InputView;
				PRODUCT_NAME = "$(TARGET_NAME)";
			};
			name = Debug;
		};
		32964D521D1C7CF60017E875 /* Release */ = {
			isa = XCBuildConfiguration;
			buildSettings = {
				ASSETCATALOG_COMPILER_APPICON_NAME = AppIcon;
				INFOPLIST_FILE = InputView/Info.plist;
				LD_RUNPATH_SEARCH_PATHS = "$(inherited) @executable_path/Frameworks";
				PRODUCT_BUNDLE_IDENTIFIER = com.mustard.InputView;
				PRODUCT_NAME = "$(TARGET_NAME)";
			};
			name = Release;
		};
/* End XCBuildConfiguration section */

/* Begin XCConfigurationList section */
		32964D391D1C7CF60017E875 /* Build configuration list for PBXProject "InputView" */ = {
			isa = XCConfigurationList;
			buildConfigurations = (
				32964D4E1D1C7CF60017E875 /* Debug */,
				32964D4F1D1C7CF60017E875 /* Release */,
			);
			defaultConfigurationIsVisible = 0;
			defaultConfigurationName = Release;
		};
		32964D501D1C7CF60017E875 /* Build configuration list for PBXNativeTarget "InputView" */ = {
			isa = XCConfigurationList;
			buildConfigurations = (
				32964D511D1C7CF60017E875 /* Debug */,
				32964D521D1C7CF60017E875 /* Release */,
			);
			defaultConfigurationIsVisible = 0;
		};
/* End XCConfigurationList section */
	};
	rootObject = 32964D361D1C7CF60017E875 /* Project object */;
}
