// !$*UTF8*$!
{
	archiveVersion = 1;
	classes = {
	};
	objectVersion = 46;
	objects = {

/* Begin PBXBuildFile section */
		32E9B78C1B1664A300C8B72C /* AppDelegate.swift in Sources */ = {isa = PBXBuildFile; fileRef = 32E9B78B1B1664A300C8B72C /* AppDelegate.swift */; };
		32E9B78E1B1664A300C8B72C /* ViewController.swift in Sources */ = {isa = PBXBuildFile; fileRef = 32E9B78D1B1664A300C8B72C /* ViewController.swift */; };
		32E9B7911B1664A300C8B72C /* Main.storyboard in Resources */ = {isa = PBXBuildFile; fileRef = 32E9B78F1B1664A300C8B72C /* Main.storyboard */; };
		32E9B7931B1664A300C8B72C /* Images.xcassets in Resources */ = {isa = PBXBuildFile; fileRef = 32E9B7921B1664A300C8B72C /* Images.xcassets */; };
		32E9B7961B1664A300C8B72C /* LaunchScreen.xib in Resources */ = {isa = PBXBuildFile; fileRef = 32E9B7941B1664A300C8B72C /* LaunchScreen.xib */; };
		32E9B7A21B1664A300C8B72C /* TempTests.swift in Sources */ = {isa = PBXBuildFile; fileRef = 32E9B7A11B1664A300C8B72C /* TempTests.swift */; };
/* End PBXBuildFile section */

/* Begin PBXContainerItemProxy section */
		32E9B79C1B1664A300C8B72C /* PBXContainerItemProxy */ = {
			isa = PBXContainerItemProxy;
			containerPortal = 32E9B77E1B1664A300C8B72C /* Project object */;
			proxyType = 1;
			remoteGlobalIDString = 32E9B7851B1664A300C8B72C;
			remoteInfo = Temp;
		};
/* End PBXContainerItemProxy section */

/* Begin PBXFileReference section */
		32E9B7861B1664A300C8B72C /* Temp.app */ = {isa = PBXFileReference; explicitFileType = wrapper.application; includeInIndex = 0; path = Temp.app; sourceTree = BUILT_PRODUCTS_DIR; };
		32E9B78A1B1664A300C8B72C /* Info.plist */ = {isa = PBXFileReference; lastKnownFileType = text.plist.xml; path = Info.plist; sourceTree = "<group>"; };
		32E9B78B1B1664A300C8B72C /* AppDelegate.swift */ = {isa = PBXFileReference; lastKnownFileType = sourcecode.swift; path = AppDelegate.swift; sourceTree = "<group>"; };
		32E9B78D1B1664A300C8B72C /* ViewController.swift */ = {isa = PBXFileReference; lastKnownFileType = sourcecode.swift; path = ViewController.swift; sourceTree = "<group>"; };
		32E9B7901B1664A300C8B72C /* Base */ = {isa = PBXFileReference; lastKnownFileType = file.storyboard; name = Base; path = Base.lproj/Main.storyboard; sourceTree = "<group>"; };
		32E9B7921B1664A300C8B72C /* Images.xcassets */ = {isa = PBXFileReference; lastKnownFileType = folder.assetcatalog; path = Images.xcassets; sourceTree = "<group>"; };
		32E9B7951B1664A300C8B72C /* Base */ = {isa = PBXFileReference; lastKnownFileType = file.xib; name = Base; path = Base.lproj/LaunchScreen.xib; sourceTree = "<group>"; };
		32E9B79B1B1664A300C8B72C /* TempTests.xctest */ = {isa = PBXFileReference; explicitFileType = wrapper.cfbundle; includeInIndex = 0; path = TempTests.xctest; sourceTree = BUILT_PRODUCTS_DIR; };
		32E9B7A01B1664A300C8B72C /* Info.plist */ = {isa = PBXFileReference; lastKnownFileType = text.plist.xml; path = Info.plist; sourceTree = "<group>"; };
		32E9B7A11B1664A300C8B72C /* TempTests.swift */ = {isa = PBXFileReference; lastKnownFileType = sourcecode.swift; path = TempTests.swift; sourceTree = "<group>"; };
/* End PBXFileReference section */

/* Begin PBXFrameworksBuildPhase section */
		32E9B7831B1664A300C8B72C /* Frameworks */ = {
			isa = PBXFrameworksBuildPhase;
			buildActionMask = 2147483647;
			files = (
			);
			runOnlyForDeploymentPostprocessing = 0;
		};
		32E9B7981B1664A300C8B72C /* Frameworks */ = {
			isa = PBXFrameworksBuildPhase;
			buildActionMask = 2147483647;
			files = (
			);
			runOnlyForDeploymentPostprocessing = 0;
		};
/* End PBXFrameworksBuildPhase section */

/* Begin PBXGroup section */
		32E9B77D1B1664A300C8B72C = {
			isa = PBXGroup;
			children = (
				32E9B7881B1664A300C8B72C /* Temp */,
				32E9B79E1B1664A300C8B72C /* TempTests */,
				32E9B7871B1664A300C8B72C /* Products */,
			);
			sourceTree = "<group>";
		};
		32E9B7871B1664A300C8B72C /* Products */ = {
			isa = PBXGroup;
			children = (
				32E9B7861B1664A300C8B72C /* Temp.app */,
				32E9B79B1B1664A300C8B72C /* TempTests.xctest */,
			);
			name = Products;
			sourceTree = "<group>";
		};
		32E9B7881B1664A300C8B72C /* Temp */ = {
			isa = PBXGroup;
			children = (
				32E9B78B1B1664A300C8B72C /* AppDelegate.swift */,
				32E9B78D1B1664A300C8B72C /* ViewController.swift */,
				32E9B78F1B1664A300C8B72C /* Main.storyboard */,
				32E9B7921B1664A300C8B72C /* Images.xcassets */,
				32E9B7941B1664A300C8B72C /* LaunchScreen.xib */,
				32E9B7891B1664A300C8B72C /* Supporting Files */,
			);
			path = Temp;
			sourceTree = "<group>";
		};
		32E9B7891B1664A300C8B72C /* Supporting Files */ = {
			isa = PBXGroup;
			children = (
				32E9B78A1B1664A300C8B72C /* Info.plist */,
			);
			name = "Supporting Files";
			sourceTree = "<group>";
		};
		32E9B79E1B1664A300C8B72C /* TempTests */ = {
			isa = PBXGroup;
			children = (
				32E9B7A11B1664A300C8B72C /* TempTests.swift */,
				32E9B79F1B1664A300C8B72C /* Supporting Files */,
			);
			path = TempTests;
			sourceTree = "<group>";
		};
		32E9B79F1B1664A300C8B72C /* Supporting Files */ = {
			isa = PBXGroup;
			children = (
				32E9B7A01B1664A300C8B72C /* Info.plist */,
			);
			name = "Supporting Files";
			sourceTree = "<group>";
		};
/* End PBXGroup section */

/* Begin PBXNativeTarget section */
		32E9B7851B1664A300C8B72C /* Temp */ = {
			isa = PBXNativeTarget;
			buildConfigurationList = 32E9B7A51B1664A300C8B72C /* Build configuration list for PBXNativeTarget "Temp" */;
			buildPhases = (
				32E9B7821B1664A300C8B72C /* Sources */,
				32E9B7831B1664A300C8B72C /* Frameworks */,
				32E9B7841B1664A300C8B72C /* Resources */,
			);
			buildRules = (
			);
			dependencies = (
			);
			name = Temp;
			productName = Temp;
			productReference = 32E9B7861B1664A300C8B72C /* Temp.app */;
			productType = "com.apple.product-type.application";
		};
		32E9B79A1B1664A300C8B72C /* TempTests */ = {
			isa = PBXNativeTarget;
			buildConfigurationList = 32E9B7A81B1664A300C8B72C /* Build configuration list for PBXNativeTarget "TempTests" */;
			buildPhases = (
				32E9B7971B1664A300C8B72C /* Sources */,
				32E9B7981B1664A300C8B72C /* Frameworks */,
				32E9B7991B1664A300C8B72C /* Resources */,
			);
			buildRules = (
			);
			dependencies = (
				32E9B79D1B1664A300C8B72C /* PBXTargetDependency */,
			);
			name = TempTests;
			productName = TempTests;
			productReference = 32E9B79B1B1664A300C8B72C /* TempTests.xctest */;
			productType = "com.apple.product-type.bundle.unit-test";
		};
/* End PBXNativeTarget section */

/* Begin PBXProject section */
		32E9B77E1B1664A300C8B72C /* Project object */ = {
			isa = PBXProject;
			attributes = {
				LastUpgradeCheck = 0630;
				ORGANIZATIONNAME = Mustard;
				TargetAttributes = {
					32E9B7851B1664A300C8B72C = {
						CreatedOnToolsVersion = 6.3.1;
					};
					32E9B79A1B1664A300C8B72C = {
						CreatedOnToolsVersion = 6.3.1;
						TestTargetID = 32E9B7851B1664A300C8B72C;
					};
				};
			};
			buildConfigurationList = 32E9B7811B1664A300C8B72C /* Build configuration list for PBXProject "Temp" */;
			compatibilityVersion = "Xcode 3.2";
			developmentRegion = English;
			hasScannedForEncodings = 0;
			knownRegions = (
				en,
				Base,
			);
			mainGroup = 32E9B77D1B1664A300C8B72C;
			productRefGroup = 32E9B7871B1664A300C8B72C /* Products */;
			projectDirPath = "";
			projectRoot = "";
			targets = (
				32E9B7851B1664A300C8B72C /* Temp */,
				32E9B79A1B1664A300C8B72C /* TempTests */,
			);
		};
/* End PBXProject section */

/* Begin PBXResourcesBuildPhase section */
		32E9B7841B1664A300C8B72C /* Resources */ = {
			isa = PBXResourcesBuildPhase;
			buildActionMask = 2147483647;
			files = (
				32E9B7911B1664A300C8B72C /* Main.storyboard in Resources */,
				32E9B7961B1664A300C8B72C /* LaunchScreen.xib in Resources */,
				32E9B7931B1664A300C8B72C /* Images.xcassets in Resources */,
			);
			runOnlyForDeploymentPostprocessing = 0;
		};
		32E9B7991B1664A300C8B72C /* Resources */ = {
			isa = PBXResourcesBuildPhase;
			buildActionMask = 2147483647;
			files = (
			);
			runOnlyForDeploymentPostprocessing = 0;
		};
/* End PBXResourcesBuildPhase section */

/* Begin PBXSourcesBuildPhase section */
		32E9B7821B1664A300C8B72C /* Sources */ = {
			isa = PBXSourcesBuildPhase;
			buildActionMask = 2147483647;
			files = (
				32E9B78E1B1664A300C8B72C /* ViewController.swift in Sources */,
				32E9B78C1B1664A300C8B72C /* AppDelegate.swift in Sources */,
			);
			runOnlyForDeploymentPostprocessing = 0;
		};
		32E9B7971B1664A300C8B72C /* Sources */ = {
			isa = PBXSourcesBuildPhase;
			buildActionMask = 2147483647;
			files = (
				32E9B7A21B1664A300C8B72C /* TempTests.swift in Sources */,
			);
			runOnlyForDeploymentPostprocessing = 0;
		};
/* End PBXSourcesBuildPhase section */

/* Begin PBXTargetDependency section */
		32E9B79D1B1664A300C8B72C /* PBXTargetDependency */ = {
			isa = PBXTargetDependency;
			target = 32E9B7851B1664A300C8B72C /* Temp */;
			targetProxy = 32E9B79C1B1664A300C8B72C /* PBXContainerItemProxy */;
		};
/* End PBXTargetDependency section */

/* Begin PBXVariantGroup section */
		32E9B78F1B1664A300C8B72C /* Main.storyboard */ = {
			isa = PBXVariantGroup;
			children = (
				32E9B7901B1664A300C8B72C /* Base */,
			);
			name = Main.storyboard;
			sourceTree = "<group>";
		};
		32E9B7941B1664A300C8B72C /* LaunchScreen.xib */ = {
			isa = PBXVariantGroup;
			children = (
				32E9B7951B1664A300C8B72C /* Base */,
			);
			name = LaunchScreen.xib;
			sourceTree = "<group>";
		};
/* End PBXVariantGroup section */

/* Begin XCBuildConfiguration section */
		32E9B7A31B1664A300C8B72C /* Debug */ = {
			isa = XCBuildConfiguration;
			buildSettings = {
				ALWAYS_SEARCH_USER_PATHS = NO;
				CLANG_CXX_LANGUAGE_STANDARD = "gnu++0x";
				CLANG_CXX_LIBRARY = "libc++";
				CLANG_ENABLE_MODULES = YES;
				CLANG_ENABLE_OBJC_ARC = YES;
				CLANG_WARN_BOOL_CONVERSION = YES;
				CLANG_WARN_CONSTANT_CONVERSION = YES;
				CLANG_WARN_DIRECT_OBJC_ISA_USAGE = YES_ERROR;
				CLANG_WARN_EMPTY_BODY = YES;
				CLANG_WARN_ENUM_CONVERSION = YES;
				CLANG_WARN_INT_CONVERSION = YES;
				CLANG_WARN_OBJC_ROOT_CLASS = YES_ERROR;
				CLANG_WARN_UNREACHABLE_CODE = YES;
				CLANG_WARN__DUPLICATE_METHOD_MATCH = YES;
				"CODE_SIGN_IDENTITY[sdk=iphoneos*]" = "iPhone Developer";
				COPY_PHASE_STRIP = NO;
				DEBUG_INFORMATION_FORMAT = "dwarf-with-dsym";
				ENABLE_STRICT_OBJC_MSGSEND = YES;
				GCC_C_LANGUAGE_STANDARD = gnu99;
				GCC_DYNAMIC_NO_PIC = NO;
				GCC_NO_COMMON_BLOCKS = YES;
				GCC_OPTIMIZATION_LEVEL = 0;
				GCC_PREPROCESSOR_DEFINITIONS = (
					"DEBUG=1",
					"$(inherited)",
				);
				GCC_SYMBOLS_PRIVATE_EXTERN = NO;
				GCC_WARN_64_TO_32_BIT_CONVERSION = YES;
				GCC_WARN_ABOUT_RETURN_TYPE = YES_ERROR;
				GCC_WARN_UNDECLARED_SELECTOR = YES;
				GCC_WARN_UNINITIALIZED_AUTOS = YES_AGGRESSIVE;
				GCC_WARN_UNUSED_FUNCTION = YES;
				GCC_WARN_UNUSED_VARIABLE = YES;
				IPHONEOS_DEPLOYMENT_TARGET = 8.3;
				MTL_ENABLE_DEBUG_INFO = YES;
				ONLY_ACTIVE_ARCH = YES;
				SDKROOT = iphoneos;
				SWIFT_OPTIMIZATION_LEVEL = "-Onone";
				TARGETED_DEVICE_FAMILY = "1,2";
			};
			name = Debug;
		};
		32E9B7A41B1664A300C8B72C /* Release */ = {
			isa = XCBuildConfiguration;
			buildSettings = {
				ALWAYS_SEARCH_USER_PATHS = NO;
				CLANG_CXX_LANGUAGE_STANDARD = "gnu++0x";
				CLANG_CXX_LIBRARY = "libc++";
				CLANG_ENABLE_MODULES = YES;
				CLANG_ENABLE_OBJC_ARC = YES;
				CLANG_WARN_BOOL_CONVERSION = YES;
				CLANG_WARN_CONSTANT_CONVERSION = YES;
				CLANG_WARN_DIRECT_OBJC_ISA_USAGE = YES_ERROR;
				CLANG_WARN_EMPTY_BODY = YES;
				CLANG_WARN_ENUM_CONVERSION = YES;
				CLANG_WARN_INT_CONVERSION = YES;
				CLANG_WARN_OBJC_ROOT_CLASS = YES_ERROR;
				CLANG_WARN_UNREACHABLE_CODE = YES;
				CLANG_WARN__DUPLICATE_METHOD_MATCH = YES;
				"CODE_SIGN_IDENTITY[sdk=iphoneos*]" = "iPhone Developer";
				COPY_PHASE_STRIP = NO;
				DEBUG_INFORMATION_FORMAT = "dwarf-with-dsym";
				ENABLE_NS_ASSERTIONS = NO;
				ENABLE_STRICT_OBJC_MSGSEND = YES;
				GCC_C_LANGUAGE_STANDARD = gnu99;
				GCC_NO_COMMON_BLOCKS = YES;
				GCC_WARN_64_TO_32_BIT_CONVERSION = YES;
				GCC_WARN_ABOUT_RETURN_TYPE = YES_ERROR;
				GCC_WARN_UNDECLARED_SELECTOR = YES;
				GCC_WARN_UNINITIALIZED_AUTOS = YES_AGGRESSIVE;
				GCC_WARN_UNUSED_FUNCTION = YES;
				GCC_WARN_UNUSED_VARIABLE = YES;
				IPHONEOS_DEPLOYMENT_TARGET = 8.3;
				MTL_ENABLE_DEBUG_INFO = NO;
				SDKROOT = iphoneos;
				TARGETED_DEVICE_FAMILY = "1,2";
				VALIDATE_PRODUCT = YES;
			};
			name = Release;
		};
		32E9B7A61B1664A300C8B72C /* Debug */ = {
			isa = XCBuildConfiguration;
			buildSettings = {
				ASSETCATALOG_COMPILER_APPICON_NAME = AppIcon;
				INFOPLIST_FILE = Temp/Info.plist;
				LD_RUNPATH_SEARCH_PATHS = "$(inherited) @executable_path/Frameworks";
				PRODUCT_NAME = "$(TARGET_NAME)";
			};
			name = Debug;
		};
		32E9B7A71B1664A300C8B72C /* Release */ = {
			isa = XCBuildConfiguration;
			buildSettings = {
				ASSETCATALOG_COMPILER_APPICON_NAME = AppIcon;
				INFOPLIST_FILE = Temp/Info.plist;
				LD_RUNPATH_SEARCH_PATHS = "$(inherited) @executable_path/Frameworks";
				PRODUCT_NAME = "$(TARGET_NAME)";
			};
			name = Release;
		};
		32E9B7A91B1664A300C8B72C /* Debug */ = {
			isa = XCBuildConfiguration;
			buildSettings = {
				BUNDLE_LOADER = "$(TEST_HOST)";
				FRAMEWORK_SEARCH_PATHS = (
					"$(SDKROOT)/Developer/Library/Frameworks",
					"$(inherited)",
				);
				GCC_PREPROCESSOR_DEFINITIONS = (
					"DEBUG=1",
					"$(inherited)",
				);
				INFOPLIST_FILE = TempTests/Info.plist;
				LD_RUNPATH_SEARCH_PATHS = "$(inherited) @executable_path/Frameworks @loader_path/Frameworks";
				PRODUCT_NAME = "$(TARGET_NAME)";
				TEST_HOST = "$(BUILT_PRODUCTS_DIR)/Temp.app/Temp";
			};
			name = Debug;
		};
		32E9B7AA1B1664A300C8B72C /* Release */ = {
			isa = XCBuildConfiguration;
			buildSettings = {
				BUNDLE_LOADER = "$(TEST_HOST)";
				FRAMEWORK_SEARCH_PATHS = (
					"$(SDKROOT)/Developer/Library/Frameworks",
					"$(inherited)",
				);
				INFOPLIST_FILE = TempTests/Info.plist;
				LD_RUNPATH_SEARCH_PATHS = "$(inherited) @executable_path/Frameworks @loader_path/Frameworks";
				PRODUCT_NAME = "$(TARGET_NAME)";
				TEST_HOST = "$(BUILT_PRODUCTS_DIR)/Temp.app/Temp";
			};
			name = Release;
		};
/* End XCBuildConfiguration section */

/* Begin XCConfigurationList section */
		32E9B7811B1664A300C8B72C /* Build configuration list for PBXProject "Temp" */ = {
			isa = XCConfigurationList;
			buildConfigurations = (
				32E9B7A31B1664A300C8B72C /* Debug */,
				32E9B7A41B1664A300C8B72C /* Release */,
			);
			defaultConfigurationIsVisible = 0;
			defaultConfigurationName = Release;
		};
		32E9B7A51B1664A300C8B72C /* Build configuration list for PBXNativeTarget "Temp" */ = {
			isa = XCConfigurationList;
			buildConfigurations = (
				32E9B7A61B1664A300C8B72C /* Debug */,
				32E9B7A71B1664A300C8B72C /* Release */,
			);
			defaultConfigurationIsVisible = 0;
		};
		32E9B7A81B1664A300C8B72C /* Build configuration list for PBXNativeTarget "TempTests" */ = {
			isa = XCConfigurationList;
			buildConfigurations = (
				32E9B7A91B1664A300C8B72C /* Debug */,
				32E9B7AA1B1664A300C8B72C /* Release */,
			);
			defaultConfigurationIsVisible = 0;
		};
/* End XCConfigurationList section */
	};
	rootObject = 32E9B77E1B1664A300C8B72C /* Project object */;
}
