// !$*UTF8*$!
{
	archiveVersion = 1;
	classes = {
	};
	objectVersion = 46;
	objects = {

/* Begin PBXBuildFile section */
		321D82431CFFAB3E00D642EA /* AppDelegate.swift in Sources */ = {isa = PBXBuildFile; fileRef = 321D82421CFFAB3E00D642EA /* AppDelegate.swift */; };
		321D82451CFFAB3E00D642EA /* ViewController.swift in Sources */ = {isa = PBXBuildFile; fileRef = 321D82441CFFAB3E00D642EA /* ViewController.swift */; };
		321D82481CFFAB3E00D642EA /* Main.storyboard in Resources */ = {isa = PBXBuildFile; fileRef = 321D82461CFFAB3E00D642EA /* Main.storyboard */; };
		321D824A1CFFAB3E00D642EA /* Assets.xcassets in Resources */ = {isa = PBXBuildFile; fileRef = 321D82491CFFAB3E00D642EA /* Assets.xcassets */; };
		321D824D1CFFAB3E00D642EA /* LaunchScreen.storyboard in Resources */ = {isa = PBXBuildFile; fileRef = 321D824B1CFFAB3E00D642EA /* LaunchScreen.storyboard */; };
		321D82551CFFAB5800D642EA /* Component.swift in Sources */ = {isa = PBXBuildFile; fileRef = 321D82541CFFAB5800D642EA /* Component.swift */; };
		321D82571CFFAB7E00D642EA /* NibLoadableView.swift in Sources */ = {isa = PBXBuildFile; fileRef = 321D82561CFFAB7E00D642EA /* NibLoadableView.swift */; };
		321D82591CFFABCE00D642EA /* Component.xib in Resources */ = {isa = PBXBuildFile; fileRef = 321D82581CFFABCE00D642EA /* Component.xib */; };
/* End PBXBuildFile section */

/* Begin PBXFileReference section */
		321D823F1CFFAB3E00D642EA /* DynamicSizedComponents.app */ = {isa = PBXFileReference; explicitFileType = wrapper.application; includeInIndex = 0; path = DynamicSizedComponents.app; sourceTree = BUILT_PRODUCTS_DIR; };
		321D82421CFFAB3E00D642EA /* AppDelegate.swift */ = {isa = PBXFileReference; lastKnownFileType = sourcecode.swift; path = AppDelegate.swift; sourceTree = "<group>"; };
		321D82441CFFAB3E00D642EA /* ViewController.swift */ = {isa = PBXFileReference; lastKnownFileType = sourcecode.swift; path = ViewController.swift; sourceTree = "<group>"; };
		321D82471CFFAB3E00D642EA /* Base */ = {isa = PBXFileReference; lastKnownFileType = file.storyboard; name = Base; path = Base.lproj/Main.storyboard; sourceTree = "<group>"; };
		321D82491CFFAB3E00D642EA /* Assets.xcassets */ = {isa = PBXFileReference; lastKnownFileType = folder.assetcatalog; path = Assets.xcassets; sourceTree = "<group>"; };
		321D824C1CFFAB3E00D642EA /* Base */ = {isa = PBXFileReference; lastKnownFileType = file.storyboard; name = Base; path = Base.lproj/LaunchScreen.storyboard; sourceTree = "<group>"; };
		321D824E1CFFAB3E00D642EA /* Info.plist */ = {isa = PBXFileReference; lastKnownFileType = text.plist.xml; path = Info.plist; sourceTree = "<group>"; };
		321D82541CFFAB5800D642EA /* Component.swift */ = {isa = PBXFileReference; fileEncoding = 4; lastKnownFileType = sourcecode.swift; path = Component.swift; sourceTree = "<group>"; };
		321D82561CFFAB7E00D642EA /* NibLoadableView.swift */ = {isa = PBXFileReference; fileEncoding = 4; lastKnownFileType = sourcecode.swift; path = NibLoadableView.swift; sourceTree = "<group>"; };
		321D82581CFFABCE00D642EA /* Component.xib */ = {isa = PBXFileReference; fileEncoding = 4; lastKnownFileType = file.xib; path = Component.xib; sourceTree = "<group>"; };
/* End PBXFileReference section */

/* Begin PBXFrameworksBuildPhase section */
		321D823C1CFFAB3E00D642EA /* Frameworks */ = {
			isa = PBXFrameworksBuildPhase;
			buildActionMask = 2147483647;
			files = (
			);
			runOnlyForDeploymentPostprocessing = 0;
		};
/* End PBXFrameworksBuildPhase section */

/* Begin PBXGroup section */
		321D82361CFFAB3E00D642EA = {
			isa = PBXGroup;
			children = (
				321D82411CFFAB3E00D642EA /* DynamicSizedComponents */,
				321D82401CFFAB3E00D642EA /* Products */,
			);
			sourceTree = "<group>";
		};
		321D82401CFFAB3E00D642EA /* Products */ = {
			isa = PBXGroup;
			children = (
				321D823F1CFFAB3E00D642EA /* DynamicSizedComponents.app */,
			);
			name = Products;
			sourceTree = "<group>";
		};
		321D82411CFFAB3E00D642EA /* DynamicSizedComponents */ = {
			isa = PBXGroup;
			children = (
				321D82421CFFAB3E00D642EA /* AppDelegate.swift */,
				321D82441CFFAB3E00D642EA /* ViewController.swift */,
				321D82461CFFAB3E00D642EA /* Main.storyboard */,
				321D82491CFFAB3E00D642EA /* Assets.xcassets */,
				321D824B1CFFAB3E00D642EA /* LaunchScreen.storyboard */,
				321D824E1CFFAB3E00D642EA /* Info.plist */,
				321D82541CFFAB5800D642EA /* Component.swift */,
				321D82561CFFAB7E00D642EA /* NibLoadableView.swift */,
				321D82581CFFABCE00D642EA /* Component.xib */,
			);
			path = DynamicSizedComponents;
			sourceTree = "<group>";
		};
/* End PBXGroup section */

/* Begin PBXNativeTarget section */
		321D823E1CFFAB3E00D642EA /* DynamicSizedComponents */ = {
			isa = PBXNativeTarget;
			buildConfigurationList = 321D82511CFFAB3E00D642EA /* Build configuration list for PBXNativeTarget "DynamicSizedComponents" */;
			buildPhases = (
				321D823B1CFFAB3E00D642EA /* Sources */,
				321D823C1CFFAB3E00D642EA /* Frameworks */,
				321D823D1CFFAB3E00D642EA /* Resources */,
			);
			buildRules = (
			);
			dependencies = (
			);
			name = DynamicSizedComponents;
			productName = DynamicSizedComponents;
			productReference = 321D823F1CFFAB3E00D642EA /* DynamicSizedComponents.app */;
			productType = "com.apple.product-type.application";
		};
/* End PBXNativeTarget section */

/* Begin PBXProject section */
		321D82371CFFAB3E00D642EA /* Project object */ = {
			isa = PBXProject;
			attributes = {
				LastSwiftUpdateCheck = 0730;
				LastUpgradeCheck = 0730;
				ORGANIZATIONNAME = Mustard;
				TargetAttributes = {
					321D823E1CFFAB3E00D642EA = {
						CreatedOnToolsVersion = 7.3;
					};
				};
			};
			buildConfigurationList = 321D823A1CFFAB3E00D642EA /* Build configuration list for PBXProject "DynamicSizedComponents" */;
			compatibilityVersion = "Xcode 3.2";
			developmentRegion = English;
			hasScannedForEncodings = 0;
			knownRegions = (
				en,
				Base,
			);
			mainGroup = 321D82361CFFAB3E00D642EA;
			productRefGroup = 321D82401CFFAB3E00D642EA /* Products */;
			projectDirPath = "";
			projectRoot = "";
			targets = (
				321D823E1CFFAB3E00D642EA /* DynamicSizedComponents */,
			);
		};
/* End PBXProject section */

/* Begin PBXResourcesBuildPhase section */
		321D823D1CFFAB3E00D642EA /* Resources */ = {
			isa = PBXResourcesBuildPhase;
			buildActionMask = 2147483647;
			files = (
				321D824D1CFFAB3E00D642EA /* LaunchScreen.storyboard in Resources */,
				321D82591CFFABCE00D642EA /* Component.xib in Resources */,
				321D824A1CFFAB3E00D642EA /* Assets.xcassets in Resources */,
				321D82481CFFAB3E00D642EA /* Main.storyboard in Resources */,
			);
			runOnlyForDeploymentPostprocessing = 0;
		};
/* End PBXResourcesBuildPhase section */

/* Begin PBXSourcesBuildPhase section */
		321D823B1CFFAB3E00D642EA /* Sources */ = {
			isa = PBXSourcesBuildPhase;
			buildActionMask = 2147483647;
			files = (
				321D82571CFFAB7E00D642EA /* NibLoadableView.swift in Sources */,
				321D82451CFFAB3E00D642EA /* ViewController.swift in Sources */,
				321D82551CFFAB5800D642EA /* Component.swift in Sources */,
				321D82431CFFAB3E00D642EA /* AppDelegate.swift in Sources */,
			);
			runOnlyForDeploymentPostprocessing = 0;
		};
/* End PBXSourcesBuildPhase section */

/* Begin PBXVariantGroup section */
		321D82461CFFAB3E00D642EA /* Main.storyboard */ = {
			isa = PBXVariantGroup;
			children = (
				321D82471CFFAB3E00D642EA /* Base */,
			);
			name = Main.storyboard;
			sourceTree = "<group>";
		};
		321D824B1CFFAB3E00D642EA /* LaunchScreen.storyboard */ = {
			isa = PBXVariantGroup;
			children = (
				321D824C1CFFAB3E00D642EA /* Base */,
			);
			name = LaunchScreen.storyboard;
			sourceTree = "<group>";
		};
/* End PBXVariantGroup section */

/* Begin XCBuildConfiguration section */
		321D824F1CFFAB3E00D642EA /* Debug */ = {
			isa = XCBuildConfiguration;
			buildSettings = {
				ALWAYS_SEARCH_USER_PATHS = NO;
				CLANG_ANALYZER_NONNULL = YES;
				CLANG_CXX_LANGUAGE_STANDARD = "gnu++0x";
				CLANG_CXX_LIBRARY = "libc++";
				CLANG_ENABLE_MODULES = YES;
				CLANG_ENABLE_OBJC_ARC = YES;
				CLANG_WARN_BOOL_CONVERSION = YES;
				CLANG_WARN_CONSTANT_CONVERSION = YES;
				CLANG_WARN_DIRECT_OBJC_ISA_USAGE = YES_ERROR;
				CLANG_WARN_EMPTY_BODY = YES;
				CLANG_WARN_ENUM_CONVERSION = YES;
				CLANG_WARN_INT_CONVERSION = YES;
				CLANG_WARN_OBJC_ROOT_CLASS = YES_ERROR;
				CLANG_WARN_UNREACHABLE_CODE = YES;
				CLANG_WARN__DUPLICATE_METHOD_MATCH = YES;
				"CODE_SIGN_IDENTITY[sdk=iphoneos*]" = "iPhone Developer";
				COPY_PHASE_STRIP = NO;
				DEBUG_INFORMATION_FORMAT = dwarf;
				ENABLE_STRICT_OBJC_MSGSEND = YES;
				ENABLE_TESTABILITY = YES;
				GCC_C_LANGUAGE_STANDARD = gnu99;
				GCC_DYNAMIC_NO_PIC = NO;
				GCC_NO_COMMON_BLOCKS = YES;
				GCC_OPTIMIZATION_LEVEL = 0;
				GCC_PREPROCESSOR_DEFINITIONS = (
					"DEBUG=1",
					"$(inherited)",
				);
				GCC_WARN_64_TO_32_BIT_CONVERSION = YES;
				GCC_WARN_ABOUT_RETURN_TYPE = YES_ERROR;
				GCC_WARN_UNDECLARED_SELECTOR = YES;
				GCC_WARN_UNINITIALIZED_AUTOS = YES_AGGRESSIVE;
				GCC_WARN_UNUSED_FUNCTION = YES;
				GCC_WARN_UNUSED_VARIABLE = YES;
				IPHONEOS_DEPLOYMENT_TARGET = 9.3;
				MTL_ENABLE_DEBUG_INFO = YES;
				ONLY_ACTIVE_ARCH = YES;
				SDKROOT = iphoneos;
				SWIFT_OPTIMIZATION_LEVEL = "-Onone";
			};
			name = Debug;
		};
		321D82501CFFAB3E00D642EA /* Release */ = {
			isa = XCBuildConfiguration;
			buildSettings = {
				ALWAYS_SEARCH_USER_PATHS = NO;
				CLANG_ANALYZER_NONNULL = YES;
				CLANG_CXX_LANGUAGE_STANDARD = "gnu++0x";
				CLANG_CXX_LIBRARY = "libc++";
				CLANG_ENABLE_MODULES = YES;
				CLANG_ENABLE_OBJC_ARC = YES;
				CLANG_WARN_BOOL_CONVERSION = YES;
				CLANG_WARN_CONSTANT_CONVERSION = YES;
				CLANG_WARN_DIRECT_OBJC_ISA_USAGE = YES_ERROR;
				CLANG_WARN_EMPTY_BODY = YES;
				CLANG_WARN_ENUM_CONVERSION = YES;
				CLANG_WARN_INT_CONVERSION = YES;
				CLANG_WARN_OBJC_ROOT_CLASS = YES_ERROR;
				CLANG_WARN_UNREACHABLE_CODE = YES;
				CLANG_WARN__DUPLICATE_METHOD_MATCH = YES;
				"CODE_SIGN_IDENTITY[sdk=iphoneos*]" = "iPhone Developer";
				COPY_PHASE_STRIP = NO;
				DEBUG_INFORMATION_FORMAT = "dwarf-with-dsym";
				ENABLE_NS_ASSERTIONS = NO;
				ENABLE_STRICT_OBJC_MSGSEND = YES;
				GCC_C_LANGUAGE_STANDARD = gnu99;
				GCC_NO_COMMON_BLOCKS = YES;
				GCC_WARN_64_TO_32_BIT_CONVERSION = YES;
				GCC_WARN_ABOUT_RETURN_TYPE = YES_ERROR;
				GCC_WARN_UNDECLARED_SELECTOR = YES;
				GCC_WARN_UNINITIALIZED_AUTOS = YES_AGGRESSIVE;
				GCC_WARN_UNUSED_FUNCTION = YES;
				GCC_WARN_UNUSED_VARIABLE = YES;
				IPHONEOS_DEPLOYMENT_TARGET = 9.3;
				MTL_ENABLE_DEBUG_INFO = NO;
				SDKROOT = iphoneos;
				VALIDATE_PRODUCT = YES;
			};
			name = Release;
		};
		321D82521CFFAB3E00D642EA /* Debug */ = {
			isa = XCBuildConfiguration;
			buildSettings = {
				ASSETCATALOG_COMPILER_APPICON_NAME = AppIcon;
				INFOPLIST_FILE = DynamicSizedComponents/Info.plist;
				LD_RUNPATH_SEARCH_PATHS = "$(inherited) @executable_path/Frameworks";
				PRODUCT_BUNDLE_IDENTIFIER = com.mustard.DynamicSizedComponents;
				PRODUCT_NAME = "$(TARGET_NAME)";
			};
			name = Debug;
		};
		321D82531CFFAB3E00D642EA /* Release */ = {
			isa = XCBuildConfiguration;
			buildSettings = {
				ASSETCATALOG_COMPILER_APPICON_NAME = AppIcon;
				INFOPLIST_FILE = DynamicSizedComponents/Info.plist;
				LD_RUNPATH_SEARCH_PATHS = "$(inherited) @executable_path/Frameworks";
				PRODUCT_BUNDLE_IDENTIFIER = com.mustard.DynamicSizedComponents;
				PRODUCT_NAME = "$(TARGET_NAME)";
			};
			name = Release;
		};
/* End XCBuildConfiguration section */

/* Begin XCConfigurationList section */
		321D823A1CFFAB3E00D642EA /* Build configuration list for PBXProject "DynamicSizedComponents" */ = {
			isa = XCConfigurationList;
			buildConfigurations = (
				321D824F1CFFAB3E00D642EA /* Debug */,
				321D82501CFFAB3E00D642EA /* Release */,
			);
			defaultConfigurationIsVisible = 0;
			defaultConfigurationName = Release;
		};
		321D82511CFFAB3E00D642EA /* Build configuration list for PBXNativeTarget "DynamicSizedComponents" */ = {
			isa = XCConfigurationList;
			buildConfigurations = (
				321D82521CFFAB3E00D642EA /* Debug */,
				321D82531CFFAB3E00D642EA /* Release */,
			);
			defaultConfigurationIsVisible = 0;
		};
/* End XCConfigurationList section */
	};
	rootObject = 321D82371CFFAB3E00D642EA /* Project object */;
}
